
Microsoft Visual Studio Solution File, Format Version 12.00
# Visual Studio Version 16
VisualStudioVersion = 16.0.30428.66
MinimumVisualStudioVersion = 10.0.40219.1
Project("{8BC9CEB8-8B4A-11D0-8D11-00A0C91BC942}") = "sorting-coordinates-2", "sorting-coordinates-2.vcxproj", "{B464D055-8A9E-47B1-9746-6F5E102CF7FD}"
EndProject
Global
	GlobalSection(SolutionConfigurationPlatforms) = preSolution
		Debug|x64 = Debug|x64
		Debug|x86 = Debug|x86
		Release|x64 = Release|x64
		Release|x86 = Release|x86
	EndGlobalSection
	GlobalSection(ProjectConfigurationPlatforms) = postSolution
		{B464D055-8A9E-47B1-9746-6F5E102CF7FD}.Debug|x64.ActiveCfg = Debug|x64
		{B464D055-8A9E-47B1-9746-6F5E102CF7FD}.Debug|x64.Build.0 = Debug|x64
		{B464D055-8A9E-47B1-9746-6F5E102CF7FD}.Debug|x86.ActiveCfg = Debug|Win32
		{B464D055-8A9E-47B1-9746-6F5E102CF7FD}.Debug|x86.Build.0 = Debug|Win32
		{B464D055-8A9E-47B1-9746-6F5E102CF7FD}.Release|x64.ActiveCfg = Release|x64
		{B464D055-8A9E-47B1-9746-6F5E102CF7FD}.Release|x64.Build.0 = Release|x64
		{B464D055-8A9E-47B1-9746-6F5E102CF7FD}.Release|x86.ActiveCfg = Release|Win32
		{B464D055-8A9E-47B1-9746-6F5E102CF7FD}.Release|x86.Build.0 = Release|Win32
	EndGlobalSection
	GlobalSection(SolutionProperties) = preSolution
		HideSolutionNode = FALSE
	EndGlobalSection
	GlobalSection(ExtensibilityGlobals) = postSolution
		SolutionGuid = {FC0BD14F-C495-4787-A2CD-74C5A229186E}
	EndGlobalSection
EndGlobal
