
Microsoft Visual Studio Solution File, Format Version 12.00
# Visual Studio Version 16
VisualStudioVersion = 16.0.30428.66
MinimumVisualStudioVersion = 10.0.40219.1
Project("{8BC9CEB8-8B4A-11D0-8D11-00A0C91BC942}") = "croatia_alphabet", "croatia_alphabet.vcxproj", "{ECE48D47-36FC-4AE7-8164-F8497D162B93}"
EndProject
Global
	GlobalSection(SolutionConfigurationPlatforms) = preSolution
		Debug|x64 = Debug|x64
		Debug|x86 = Debug|x86
		Release|x64 = Release|x64
		Release|x86 = Release|x86
	EndGlobalSection
	GlobalSection(ProjectConfigurationPlatforms) = postSolution
		{ECE48D47-36FC-4AE7-8164-F8497D162B93}.Debug|x64.ActiveCfg = Debug|x64
		{ECE48D47-36FC-4AE7-8164-F8497D162B93}.Debug|x64.Build.0 = Debug|x64
		{ECE48D47-36FC-4AE7-8164-F8497D162B93}.Debug|x86.ActiveCfg = Debug|Win32
		{ECE48D47-36FC-4AE7-8164-F8497D162B93}.Debug|x86.Build.0 = Debug|Win32
		{ECE48D47-36FC-4AE7-8164-F8497D162B93}.Release|x64.ActiveCfg = Release|x64
		{ECE48D47-36FC-4AE7-8164-F8497D162B93}.Release|x64.Build.0 = Release|x64
		{ECE48D47-36FC-4AE7-8164-F8497D162B93}.Release|x86.ActiveCfg = Release|Win32
		{ECE48D47-36FC-4AE7-8164-F8497D162B93}.Release|x86.Build.0 = Release|Win32
	EndGlobalSection
	GlobalSection(SolutionProperties) = preSolution
		HideSolutionNode = FALSE
	EndGlobalSection
	GlobalSection(ExtensibilityGlobals) = postSolution
		SolutionGuid = {97826736-1762-46F0-832C-643AC472D7E4}
	EndGlobalSection
EndGlobal
